<?xml version="1.0" encoding="utf-8"?>
<Project ToolsVersion="4.0" xmlns="http://schemas.microsoft.com/developer/msbuild/2003">
  <ItemGroup>
    <Filter Include="src">
      <UniqueIdentifier>{2DAB880B-99B4-887C-2230-9F7C8E38947C}</UniqueIdentifier>
    </Filter>
    <Filter Include="src\Events">
      <UniqueIdentifier>{7162C20E-5D1A-045C-C621-DDB7B2F89E4C}</UniqueIdentifier>
    </Filter>
    <Filter Include="src\ImGui">
      <UniqueIdentifier>{170E22B3-8378-D629-CCB6-87CF3860B47E}</UniqueIdentifier>
    </Filter>
    <Filter Include="src\Mono">
      <UniqueIdentifier>{F54E22CF-E11B-7DDA-0A35-6B82F660B268}</UniqueIdentifier>
    </Filter>
    <Filter Include="src\Mono\CommonData">
      <UniqueIdentifier>{C7CA694B-332C-4759-BC99-8D0B28FA7D18}</UniqueIdentifier>
    </Filter>
    <Filter Include="src\OpenGL">
      <UniqueIdentifier>{C15FA925-AD17-EB72-161F-C4CE02F68563}</UniqueIdentifier>
    </Filter>
    <Filter Include="src\OpenGL\Shaders">
      <UniqueIdentifier>{9AB54D0D-8699-0E63-EFF9-08B6DBFCF8E4}</UniqueIdentifier>
    </Filter>
    <Filter Include="vendor">
      <UniqueIdentifier>{B3738122-9F15-ACF8-88D0-BF4C74113349}</UniqueIdentifier>
    </Filter>
    <Filter Include="vendor\GLAD-2.0">
      <UniqueIdentifier>{F77A2276-6306-903A-6C17-132FD821EC3A}</UniqueIdentifier>
    </Filter>
    <Filter Include="vendor\GLAD-2.0\src">
      <UniqueIdentifier>{8EDC6068-FA3D-3E76-83AB-8428EF0B7535}</UniqueIdentifier>
    </Filter>
    <Filter Include="vendor\IMGUI-1.89.1">
      <UniqueIdentifier>{D9855681-45E7-338F-CE54-7A413AB56A4E}</UniqueIdentifier>
    </Filter>
  </ItemGroup>
  <ItemGroup>
    <ClInclude Include="src\Events\Events.h">
      <Filter>src\Events</Filter>
    </ClInclude>
    <ClInclude Include="src\GLFWSteps.h">
      <Filter>src</Filter>
    </ClInclude>
    <ClInclude Include="src\Grid.h">
      <Filter>src</Filter>
    </ClInclude>
    <ClInclude Include="src\ImGui\ImGuiInit.h">
      <Filter>src\ImGui</Filter>
    </ClInclude>
    <ClInclude Include="src\ImGui\imgui_impl_glfw.h">
      <Filter>src\ImGui</Filter>
    </ClInclude>
    <ClInclude Include="src\ImGui\imgui_impl_opengl3.h">
      <Filter>src\ImGui</Filter>
    </ClInclude>
    <ClInclude Include="src\ImGui\imgui_impl_opengl3_loader.h">
      <Filter>src\ImGui</Filter>
    </ClInclude>
    <ClInclude Include="src\Mono\CommonData\AlgoType.h">
      <Filter>src\Mono\CommonData</Filter>
    </ClInclude>
    <ClInclude Include="src\Mono\CommonData\Point.h">
      <Filter>src\Mono\CommonData</Filter>
    </ClInclude>
    <ClInclude Include="src\Mono\CommonData\Vectors.h">
      <Filter>src\Mono\CommonData</Filter>
    </ClInclude>
    <ClInclude Include="src\Mono\Mono.h">
      <Filter>src\Mono</Filter>
    </ClInclude>
    <ClInclude Include="src\OpenGL\GLErrorCheck.h">
      <Filter>src\OpenGL</Filter>
    </ClInclude>
    <ClInclude Include="src\OpenGL\IndexBuffer.h">
      <Filter>src\OpenGL</Filter>
    </ClInclude>
    <ClInclude Include="src\OpenGL\Shaders\Shaders.h">
      <Filter>src\OpenGL\Shaders</Filter>
    </ClInclude>
    <ClInclude Include="src\OpenGL\VertexArray.h">
      <Filter>src\OpenGL</Filter>
    </ClInclude>
    <ClInclude Include="src\OpenGL\VertexBuffer.h">
      <Filter>src\OpenGL</Filter>
    </ClInclude>
    <ClInclude Include="vendor\IMGUI-1.89.1\imconfig.h">
      <Filter>vendor\IMGUI-1.89.1</Filter>
    </ClInclude>
    <ClInclude Include="vendor\IMGUI-1.89.1\imgui.h">
      <Filter>vendor\IMGUI-1.89.1</Filter>
    </ClInclude>
    <ClInclude Include="vendor\IMGUI-1.89.1\imgui_internal.h">
      <Filter>vendor\IMGUI-1.89.1</Filter>
    </ClInclude>
    <ClInclude Include="vendor\IMGUI-1.89.1\imstb_rectpack.h">
      <Filter>vendor\IMGUI-1.89.1</Filter>
    </ClInclude>
    <ClInclude Include="vendor\IMGUI-1.89.1\imstb_textedit.h">
      <Filter>vendor\IMGUI-1.89.1</Filter>
    </ClInclude>
    <ClInclude Include="vendor\IMGUI-1.89.1\imstb_truetype.h">
      <Filter>vendor\IMGUI-1.89.1</Filter>
    </ClInclude>
  </ItemGroup>
  <ItemGroup>
    <ClCompile Include="src\Entry.cpp">
      <Filter>src</Filter>
    </ClCompile>
    <ClCompile Include="src\Events\Events.cpp">
      <Filter>src\Events</Filter>
    </ClCompile>
    <ClCompile Include="src\GLFWSteps.cpp">
      <Filter>src</Filter>
    </ClCompile>
    <ClCompile Include="src\Grid.cpp">
      <Filter>src</Filter>
    </ClCompile>
    <ClCompile Include="src\ImGui\ImGuiInit.cpp">
      <Filter>src\ImGui</Filter>
    </ClCompile>
    <ClCompile Include="src\ImGui\imgui_impl_glfw.cpp">
      <Filter>src\ImGui</Filter>
    </ClCompile>
    <ClCompile Include="src\ImGui\imgui_impl_opengl3.cpp">
      <Filter>src\ImGui</Filter>
    </ClCompile>
    <ClCompile Include="src\Mono\Mono.cpp">
      <Filter>src\Mono</Filter>
    </ClCompile>
    <ClCompile Include="src\OpenGL\GLErrorCheck.cpp">
      <Filter>src\OpenGL</Filter>
    </ClCompile>
    <ClCompile Include="src\OpenGL\IndexBuffer.cpp">
      <Filter>src\OpenGL</Filter>
    </ClCompile>
    <ClCompile Include="src\OpenGL\Shaders\Shaders.cpp">
      <Filter>src\OpenGL\Shaders</Filter>
    </ClCompile>
    <ClCompile Include="src\OpenGL\VertexArray.cpp">
      <Filter>src\OpenGL</Filter>
    </ClCompile>
    <ClCompile Include="src\OpenGL\VertexBuffer.cpp">
      <Filter>src\OpenGL</Filter>
    </ClCompile>
    <ClCompile Include="vendor\GLAD-2.0\src\glad.c">
      <Filter>vendor\GLAD-2.0\src</Filter>
    </ClCompile>
    <ClCompile Include="vendor\IMGUI-1.89.1\imgui.cpp">
      <Filter>vendor\IMGUI-1.89.1</Filter>
    </ClCompile>
    <ClCompile Include="vendor\IMGUI-1.89.1\imgui_demo.cpp">
      <Filter>vendor\IMGUI-1.89.1</Filter>
    </ClCompile>
    <ClCompile Include="vendor\IMGUI-1.89.1\imgui_draw.cpp">
      <Filter>vendor\IMGUI-1.89.1</Filter>
    </ClCompile>
    <ClCompile Include="vendor\IMGUI-1.89.1\imgui_tables.cpp">
      <Filter>vendor\IMGUI-1.89.1</Filter>
    </ClCompile>
    <ClCompile Include="vendor\IMGUI-1.89.1\imgui_widgets.cpp">
      <Filter>vendor\IMGUI-1.89.1</Filter>
    </ClCompile>
  </ItemGroup>
</Project>